// !$*UTF8*$!
{
	archiveVersion = 1;
	classes = {
	};
	objectVersion = 56;
	objects = {

/* Begin PBXBuildFile section */
		EC1D00D12BA69FF300DAEB70 /* CourseListApp.swift in Sources */ = {isa = PBXBuildFile; fileRef = EC1D00D02BA69FF300DAEB70 /* CourseListApp.swift */; };
		EC1D00D32BA69FF300DAEB70 /* ContentView.swift in Sources */ = {isa = PBXBuildFile; fileRef = EC1D00D22BA69FF300DAEB70 /* ContentView.swift */; };
		EC1D00D52BA69FF400DAEB70 /* Assets.xcassets in Resources */ = {isa = PBXBuildFile; fileRef = EC1D00D42BA69FF400DAEB70 /* Assets.xcassets */; };
		EC1D00D82BA69FF400DAEB70 /* Preview Assets.xcassets in Resources */ = {isa = PBXBuildFile; fileRef = EC1D00D72BA69FF400DAEB70 /* Preview Assets.xcassets */; };
		EC1D00E22BA69FF400DAEB70 /* CourseListTests.swift in Sources */ = {isa = PBXBuildFile; fileRef = EC1D00E12BA69FF400DAEB70 /* CourseListTests.swift */; };
		EC1D00EC2BA69FF400DAEB70 /* CourseListUITests.swift in Sources */ = {isa = PBXBuildFile; fileRef = EC1D00EB2BA69FF400DAEB70 /* CourseListUITests.swift */; };
		EC1D00EE2BA69FF400DAEB70 /* CourseListUITestsLaunchTests.swift in Sources */ = {isa = PBXBuildFile; fileRef = EC1D00ED2BA69FF400DAEB70 /* CourseListUITestsLaunchTests.swift */; };
/* End PBXBuildFile section */

/* Begin PBXContainerItemProxy section */
		EC1D00DE2BA69FF400DAEB70 /* PBXContainerItemProxy */ = {
			isa = PBXContainerItemProxy;
			containerPortal = EC1D00C52BA69FF300DAEB70 /* Project object */;
			proxyType = 1;
			remoteGlobalIDString = EC1D00CC2BA69FF300DAEB70;
			remoteInfo = CourseList;
		};
		EC1D00E82BA69FF400DAEB70 /* PBXContainerItemProxy */ = {
			isa = PBXContainerItemProxy;
			containerPortal = EC1D00C52BA69FF300DAEB70 /* Project object */;
			proxyType = 1;
			remoteGlobalIDString = EC1D00CC2BA69FF300DAEB70;
			remoteInfo = CourseList;
		};
/* End PBXContainerItemProxy section */

/* Begin PBXFileReference section */
		EC1D00CD2BA69FF300DAEB70 /* CourseList.app */ = {isa = PBXFileReference; explicitFileType = wrapper.application; includeInIndex = 0; path = CourseList.app; sourceTree = BUILT_PRODUCTS_DIR; };
		EC1D00D02BA69FF300DAEB70 /* CourseListApp.swift */ = {isa = PBXFileReference; lastKnownFileType = sourcecode.swift; path = CourseListApp.swift; sourceTree = "<group>"; };
		EC1D00D22BA69FF300DAEB70 /* ContentView.swift */ = {isa = PBXFileReference; lastKnownFileType = sourcecode.swift; path = ContentView.swift; sourceTree = "<group>"; };
		EC1D00D42BA69FF400DAEB70 /* Assets.xcassets */ = {isa = PBXFileReference; lastKnownFileType = folder.assetcatalog; path = Assets.xcassets; sourceTree = "<group>"; };
		EC1D00D72BA69FF400DAEB70 /* Preview Assets.xcassets */ = {isa = PBXFileReference; lastKnownFileType = folder.assetcatalog; path = "Preview Assets.xcassets"; sourceTree = "<group>"; };
		EC1D00DD2BA69FF400DAEB70 /* CourseListTests.xctest */ = {isa = PBXFileReference; explicitFileType = wrapper.cfbundle; includeInIndex = 0; path = CourseListTests.xctest; sourceTree = BUILT_PRODUCTS_DIR; };
		EC1D00E12BA69FF400DAEB70 /* CourseListTests.swift */ = {isa = PBXFileReference; lastKnownFileType = sourcecode.swift; path = CourseListTests.swift; sourceTree = "<group>"; };
		EC1D00E72BA69FF400DAEB70 /* CourseListUITests.xctest */ = {isa = PBXFileReference; explicitFileType = wrapper.cfbundle; includeInIndex = 0; path = CourseListUITests.xctest; sourceTree = BUILT_PRODUCTS_DIR; };
		EC1D00EB2BA69FF400DAEB70 /* CourseListUITests.swift */ = {isa = PBXFileReference; lastKnownFileType = sourcecode.swift; path = CourseListUITests.swift; sourceTree = "<group>"; };
		EC1D00ED2BA69FF400DAEB70 /* CourseListUITestsLaunchTests.swift */ = {isa = PBXFileReference; lastKnownFileType = sourcecode.swift; path = CourseListUITestsLaunchTests.swift; sourceTree = "<group>"; };
/* End PBXFileReference section */

/* Begin PBXFrameworksBuildPhase section */
		EC1D00CA2BA69FF300DAEB70 /* Frameworks */ = {
			isa = PBXFrameworksBuildPhase;
			buildActionMask = 2147483647;
			files = (
			);
			runOnlyForDeploymentPostprocessing = 0;
		};
		EC1D00DA2BA69FF400DAEB70 /* Frameworks */ = {
			isa = PBXFrameworksBuildPhase;
			buildActionMask = 2147483647;
			files = (
			);
			runOnlyForDeploymentPostprocessing = 0;
		};
		EC1D00E42BA69FF400DAEB70 /* Frameworks */ = {
			isa = PBXFrameworksBuildPhase;
			buildActionMask = 2147483647;
			files = (
			);
			runOnlyForDeploymentPostprocessing = 0;
		};
/* End PBXFrameworksBuildPhase section */

/* Begin PBXGroup section */
		EC1D00C42BA69FF300DAEB70 = {
			isa = PBXGroup;
			children = (
				EC1D00CF2BA69FF300DAEB70 /* CourseList */,
				EC1D00E02BA69FF400DAEB70 /* CourseListTests */,
				EC1D00EA2BA69FF400DAEB70 /* CourseListUITests */,
				EC1D00CE2BA69FF300DAEB70 /* Products */,
			);
			sourceTree = "<group>";
		};
		EC1D00CE2BA69FF300DAEB70 /* Products */ = {
			isa = PBXGroup;
			children = (
				EC1D00CD2BA69FF300DAEB70 /* CourseList.app */,
				EC1D00DD2BA69FF400DAEB70 /* CourseListTests.xctest */,
				EC1D00E72BA69FF400DAEB70 /* CourseListUITests.xctest */,
			);
			name = Products;
			sourceTree = "<group>";
		};
		EC1D00CF2BA69FF300DAEB70 /* CourseList */ = {
			isa = PBXGroup;
			children = (
				EC1D00D02BA69FF300DAEB70 /* CourseListApp.swift */,
				EC1D00D22BA69FF300DAEB70 /* ContentView.swift */,
				EC1D00D42BA69FF400DAEB70 /* Assets.xcassets */,
				EC1D00D62BA69FF400DAEB70 /* Preview Content */,
			);
			path = CourseList;
			sourceTree = "<group>";
		};
		EC1D00D62BA69FF400DAEB70 /* Preview Content */ = {
			isa = PBXGroup;
			children = (
				EC1D00D72BA69FF400DAEB70 /* Preview Assets.xcassets */,
			);
			path = "Preview Content";
			sourceTree = "<group>";
		};
		EC1D00E02BA69FF400DAEB70 /* CourseListTests */ = {
			isa = PBXGroup;
			children = (
				EC1D00E12BA69FF400DAEB70 /* CourseListTests.swift */,
			);
			path = CourseListTests;
			sourceTree = "<group>";
		};
		EC1D00EA2BA69FF400DAEB70 /* CourseListUITests */ = {
			isa = PBXGroup;
			children = (
				EC1D00EB2BA69FF400DAEB70 /* CourseListUITests.swift */,
				EC1D00ED2BA69FF400DAEB70 /* CourseListUITestsLaunchTests.swift */,
			);
			path = CourseListUITests;
			sourceTree = "<group>";
		};
/* End PBXGroup section */

/* Begin PBXNativeTarget section */
		EC1D00CC2BA69FF300DAEB70 /* CourseList */ = {
			isa = PBXNativeTarget;
			buildConfigurationList = EC1D00F12BA69FF400DAEB70 /* Build configuration list for PBXNativeTarget "CourseList" */;
			buildPhases = (
				EC1D00C92BA69FF300DAEB70 /* Sources */,
				EC1D00CA2BA69FF300DAEB70 /* Frameworks */,
				EC1D00CB2BA69FF300DAEB70 /* Resources */,
			);
			buildRules = (
			);
			dependencies = (
			);
			name = CourseList;
			productName = CourseList;
			productReference = EC1D00CD2BA69FF300DAEB70 /* CourseList.app */;
			productType = "com.apple.product-type.application";
		};
		EC1D00DC2BA69FF400DAEB70 /* CourseListTests */ = {
			isa = PBXNativeTarget;
			buildConfigurationList = EC1D00F42BA69FF400DAEB70 /* Build configuration list for PBXNativeTarget "CourseListTests" */;
			buildPhases = (
				EC1D00D92BA69FF400DAEB70 /* Sources */,
				EC1D00DA2BA69FF400DAEB70 /* Frameworks */,
				EC1D00DB2BA69FF400DAEB70 /* Resources */,
			);
			buildRules = (
			);
			dependencies = (
				EC1D00DF2BA69FF400DAEB70 /* PBXTargetDependency */,
			);
			name = CourseListTests;
			productName = CourseListTests;
			productReference = EC1D00DD2BA69FF400DAEB70 /* CourseListTests.xctest */;
			productType = "com.apple.product-type.bundle.unit-test";
		};
		EC1D00E62BA69FF400DAEB70 /* CourseListUITests */ = {
			isa = PBXNativeTarget;
			buildConfigurationList = EC1D00F72BA69FF400DAEB70 /* Build configuration list for PBXNativeTarget "CourseListUITests" */;
			buildPhases = (
				EC1D00E32BA69FF400DAEB70 /* Sources */,
				EC1D00E42BA69FF400DAEB70 /* Frameworks */,
				EC1D00E52BA69FF400DAEB70 /* Resources */,
			);
			buildRules = (
			);
			dependencies = (
				EC1D00E92BA69FF400DAEB70 /* PBXTargetDependency */,
			);
			name = CourseListUITests;
			productName = CourseListUITests;
			productReference = EC1D00E72BA69FF400DAEB70 /* CourseListUITests.xctest */;
			productType = "com.apple.product-type.bundle.ui-testing";
		};
/* End PBXNativeTarget section */

/* Begin PBXProject section */
		EC1D00C52BA69FF300DAEB70 /* Project object */ = {
			isa = PBXProject;
			attributes = {
				BuildIndependentTargetsInParallel = 1;
				LastSwiftUpdateCheck = 1530;
				LastUpgradeCheck = 1530;
				TargetAttributes = {
					EC1D00CC2BA69FF300DAEB70 = {
						CreatedOnToolsVersion = 15.3;
					};
					EC1D00DC2BA69FF400DAEB70 = {
						CreatedOnToolsVersion = 15.3;
						TestTargetID = EC1D00CC2BA69FF300DAEB70;
					};
					EC1D00E62BA69FF400DAEB70 = {
						CreatedOnToolsVersion = 15.3;
						TestTargetID = EC1D00CC2BA69FF300DAEB70;
					};
				};
			};
			buildConfigurationList = EC1D00C82BA69FF300DAEB70 /* Build configuration list for PBXProject "CourseList" */;
			compatibilityVersion = "Xcode 14.0";
			developmentRegion = en;
			hasScannedForEncodings = 0;
			knownRegions = (
				en,
				Base,
			);
			mainGroup = EC1D00C42BA69FF300DAEB70;
			productRefGroup = EC1D00CE2BA69FF300DAEB70 /* Products */;
			projectDirPath = "";
			projectRoot = "";
			targets = (
				EC1D00CC2BA69FF300DAEB70 /* CourseList */,
				EC1D00DC2BA69FF400DAEB70 /* CourseListTests */,
				EC1D00E62BA69FF400DAEB70 /* CourseListUITests */,
			);
		};
/* End PBXProject section */

/* Begin PBXResourcesBuildPhase section */
		EC1D00CB2BA69FF300DAEB70 /* Resources */ = {
			isa = PBXResourcesBuildPhase;
			buildActionMask = 2147483647;
			files = (
				EC1D00D82BA69FF400DAEB70 /* Preview Assets.xcassets in Resources */,
				EC1D00D52BA69FF400DAEB70 /* Assets.xcassets in Resources */,
			);
			runOnlyForDeploymentPostprocessing = 0;
		};
		EC1D00DB2BA69FF400DAEB70 /* Resources */ = {
			isa = PBXResourcesBuildPhase;
			buildActionMask = 2147483647;
			files = (
			);
			runOnlyForDeploymentPostprocessing = 0;
		};
		EC1D00E52BA69FF400DAEB70 /* Resources */ = {
			isa = PBXResourcesBuildPhase;
			buildActionMask = 2147483647;
			files = (
			);
			runOnlyForDeploymentPostprocessing = 0;
		};
/* End PBXResourcesBuildPhase section */

/* Begin PBXSourcesBuildPhase section */
		EC1D00C92BA69FF300DAEB70 /* Sources */ = {
			isa = PBXSourcesBuildPhase;
			buildActionMask = 2147483647;
			files = (
				EC1D00D32BA69FF300DAEB70 /* ContentView.swift in Sources */,
				EC1D00D12BA69FF300DAEB70 /* CourseListApp.swift in Sources */,
			);
			runOnlyForDeploymentPostprocessing = 0;
		};
		EC1D00D92BA69FF400DAEB70 /* Sources */ = {
			isa = PBXSourcesBuildPhase;
			buildActionMask = 2147483647;
			files = (
				EC1D00E22BA69FF400DAEB70 /* CourseListTests.swift in Sources */,
			);
			runOnlyForDeploymentPostprocessing = 0;
		};
		EC1D00E32BA69FF400DAEB70 /* Sources */ = {
			isa = PBXSourcesBuildPhase;
			buildActionMask = 2147483647;
			files = (
				EC1D00EC2BA69FF400DAEB70 /* CourseListUITests.swift in Sources */,
				EC1D00EE2BA69FF400DAEB70 /* CourseListUITestsLaunchTests.swift in Sources */,
			);
			runOnlyForDeploymentPostprocessing = 0;
		};
/* End PBXSourcesBuildPhase section */

/* Begin PBXTargetDependency section */
		EC1D00DF2BA69FF400DAEB70 /* PBXTargetDependency */ = {
			isa = PBXTargetDependency;
			target = EC1D00CC2BA69FF300DAEB70 /* CourseList */;
			targetProxy = EC1D00DE2BA69FF400DAEB70 /* PBXContainerItemProxy */;
		};
		EC1D00E92BA69FF400DAEB70 /* PBXTargetDependency */ = {
			isa = PBXTargetDependency;
			target = EC1D00CC2BA69FF300DAEB70 /* CourseList */;
			targetProxy = EC1D00E82BA69FF400DAEB70 /* PBXContainerItemProxy */;
		};
/* End PBXTargetDependency section */

/* Begin XCBuildConfiguration section */
		EC1D00EF2BA69FF400DAEB70 /* Debug */ = {
			isa = XCBuildConfiguration;
			buildSettings = {
				ALWAYS_SEARCH_USER_PATHS = NO;
				ASSETCATALOG_COMPILER_GENERATE_SWIFT_ASSET_SYMBOL_EXTENSIONS = YES;
				CLANG_ANALYZER_NONNULL = YES;
				CLANG_ANALYZER_NUMBER_OBJECT_CONVERSION = YES_AGGRESSIVE;
				CLANG_CXX_LANGUAGE_STANDARD = "gnu++20";
				CLANG_ENABLE_MODULES = YES;
				CLANG_ENABLE_OBJC_ARC = YES;
				CLANG_ENABLE_OBJC_WEAK = YES;
				CLANG_WARN_BLOCK_CAPTURE_AUTORELEASING = YES;
				CLANG_WARN_BOOL_CONVERSION = YES;
				CLANG_WARN_COMMA = YES;
				CLANG_WARN_CONSTANT_CONVERSION = YES;
				CLANG_WARN_DEPRECATED_OBJC_IMPLEMENTATIONS = YES;
				CLANG_WARN_DIRECT_OBJC_ISA_USAGE = YES_ERROR;
				CLANG_WARN_DOCUMENTATION_COMMENTS = YES;
				CLANG_WARN_EMPTY_BODY = YES;
				CLANG_WARN_ENUM_CONVERSION = YES;
				CLANG_WARN_INFINITE_RECURSION = YES;
				CLANG_WARN_INT_CONVERSION = YES;
				CLANG_WARN_NON_LITERAL_NULL_CONVERSION = YES;
				CLANG_WARN_OBJC_IMPLICIT_RETAIN_SELF = YES;
				CLANG_WARN_OBJC_LITERAL_CONVERSION = YES;
				CLANG_WARN_OBJC_ROOT_CLASS = YES_ERROR;
				CLANG_WARN_QUOTED_INCLUDE_IN_FRAMEWORK_HEADER = YES;
				CLANG_WARN_RANGE_LOOP_ANALYSIS = YES;
				CLANG_WARN_STRICT_PROTOTYPES = YES;
				CLANG_WARN_SUSPICIOUS_MOVE = YES;
				CLANG_WARN_UNGUARDED_AVAILABILITY = YES_AGGRESSIVE;
				CLANG_WARN_UNREACHABLE_CODE = YES;
				CLANG_WARN__DUPLICATE_METHOD_MATCH = YES;
				COPY_PHASE_STRIP = NO;
				DEBUG_INFORMATION_FORMAT = dwarf;
				ENABLE_STRICT_OBJC_MSGSEND = YES;
				ENABLE_TESTABILITY = YES;
				ENABLE_USER_SCRIPT_SANDBOXING = YES;
				GCC_C_LANGUAGE_STANDARD = gnu17;
				GCC_DYNAMIC_NO_PIC = NO;
				GCC_NO_COMMON_BLOCKS = YES;
				GCC_OPTIMIZATION_LEVEL = 0;
				GCC_PREPROCESSOR_DEFINITIONS = (
					"DEBUG=1",
					"$(inherited)",
				);
				GCC_WARN_64_TO_32_BIT_CONVERSION = YES;
				GCC_WARN_ABOUT_RETURN_TYPE = YES_ERROR;
				GCC_WARN_UNDECLARED_SELECTOR = YES;
				GCC_WARN_UNINITIALIZED_AUTOS = YES_AGGRESSIVE;
				GCC_WARN_UNUSED_FUNCTION = YES;
				GCC_WARN_UNUSED_VARIABLE = YES;
				IPHONEOS_DEPLOYMENT_TARGET = 17.4;
				LOCALIZATION_PREFERS_STRING_CATALOGS = YES;
				MTL_ENABLE_DEBUG_INFO = INCLUDE_SOURCE;
				MTL_FAST_MATH = YES;
				ONLY_ACTIVE_ARCH = YES;
				SDKROOT = iphoneos;
				SWIFT_ACTIVE_COMPILATION_CONDITIONS = "DEBUG $(inherited)";
				SWIFT_OPTIMIZATION_LEVEL = "-Onone";
			};
			name = Debug;
		};
		EC1D00F02BA69FF400DAEB70 /* Release */ = {
			isa = XCBuildConfiguration;
			buildSettings = {
				ALWAYS_SEARCH_USER_PATHS = NO;
				ASSETCATALOG_COMPILER_GENERATE_SWIFT_ASSET_SYMBOL_EXTENSIONS = YES;
				CLANG_ANALYZER_NONNULL = YES;
				CLANG_ANALYZER_NUMBER_OBJECT_CONVERSION = YES_AGGRESSIVE;
				CLANG_CXX_LANGUAGE_STANDARD = "gnu++20";
				CLANG_ENABLE_MODULES = YES;
				CLANG_ENABLE_OBJC_ARC = YES;
				CLANG_ENABLE_OBJC_WEAK = YES;
				CLANG_WARN_BLOCK_CAPTURE_AUTORELEASING = YES;
				CLANG_WARN_BOOL_CONVERSION = YES;
				CLANG_WARN_COMMA = YES;
				CLANG_WARN_CONSTANT_CONVERSION = YES;
				CLANG_WARN_DEPRECATED_OBJC_IMPLEMENTATIONS = YES;
				CLANG_WARN_DIRECT_OBJC_ISA_USAGE = YES_ERROR;
				CLANG_WARN_DOCUMENTATION_COMMENTS = YES;
				CLANG_WARN_EMPTY_BODY = YES;
				CLANG_WARN_ENUM_CONVERSION = YES;
				CLANG_WARN_INFINITE_RECURSION = YES;
				CLANG_WARN_INT_CONVERSION = YES;
				CLANG_WARN_NON_LITERAL_NULL_CONVERSION = YES;
				CLANG_WARN_OBJC_IMPLICIT_RETAIN_SELF = YES;
				CLANG_WARN_OBJC_LITERAL_CONVERSION = YES;
				CLANG_WARN_OBJC_ROOT_CLASS = YES_ERROR;
				CLANG_WARN_QUOTED_INCLUDE_IN_FRAMEWORK_HEADER = YES;
				CLANG_WARN_RANGE_LOOP_ANALYSIS = YES;
				CLANG_WARN_STRICT_PROTOTYPES = YES;
				CLANG_WARN_SUSPICIOUS_MOVE = YES;
				CLANG_WARN_UNGUARDED_AVAILABILITY = YES_AGGRESSIVE;
				CLANG_WARN_UNREACHABLE_CODE = YES;
				CLANG_WARN__DUPLICATE_METHOD_MATCH = YES;
				COPY_PHASE_STRIP = NO;
				DEBUG_INFORMATION_FORMAT = "dwarf-with-dsym";
				ENABLE_NS_ASSERTIONS = NO;
				ENABLE_STRICT_OBJC_MSGSEND = YES;
				ENABLE_USER_SCRIPT_SANDBOXING = YES;
				GCC_C_LANGUAGE_STANDARD = gnu17;
				GCC_NO_COMMON_BLOCKS = YES;
				GCC_WARN_64_TO_32_BIT_CONVERSION = YES;
				GCC_WARN_ABOUT_RETURN_TYPE = YES_ERROR;
				GCC_WARN_UNDECLARED_SELECTOR = YES;
				GCC_WARN_UNINITIALIZED_AUTOS = YES_AGGRESSIVE;
				GCC_WARN_UNUSED_FUNCTION = YES;
				GCC_WARN_UNUSED_VARIABLE = YES;
				IPHONEOS_DEPLOYMENT_TARGET = 17.4;
				LOCALIZATION_PREFERS_STRING_CATALOGS = YES;
				MTL_ENABLE_DEBUG_INFO = NO;
				MTL_FAST_MATH = YES;
				SDKROOT = iphoneos;
				SWIFT_COMPILATION_MODE = wholemodule;
				VALIDATE_PRODUCT = YES;
			};
			name = Release;
		};
		EC1D00F22BA69FF400DAEB70 /* Debug */ = {
			isa = XCBuildConfiguration;
			buildSettings = {
				ASSETCATALOG_COMPILER_APPICON_NAME = AppIcon;
				ASSETCATALOG_COMPILER_GLOBAL_ACCENT_COLOR_NAME = AccentColor;
				CODE_SIGN_STYLE = Automatic;
				CURRENT_PROJECT_VERSION = 1;
				DEVELOPMENT_ASSET_PATHS = "\"CourseList/Preview Content\"";
				ENABLE_PREVIEWS = YES;
				GENERATE_INFOPLIST_FILE = YES;
				INFOPLIST_KEY_UIApplicationSceneManifest_Generation = YES;
				INFOPLIST_KEY_UIApplicationSupportsIndirectInputEvents = YES;
				INFOPLIST_KEY_UILaunchScreen_Generation = YES;
				INFOPLIST_KEY_UISupportedInterfaceOrientations_iPad = "UIInterfaceOrientationPortrait UIInterfaceOrientationPortraitUpsideDown UIInterfaceOrientationLandscapeLeft UIInterfaceOrientationLandscapeRight";
				INFOPLIST_KEY_UISupportedInterfaceOrientations_iPhone = "UIInterfaceOrientationPortrait UIInterfaceOrientationLandscapeLeft UIInterfaceOrientationLandscapeRight";
				LD_RUNPATH_SEARCH_PATHS = (
					"$(inherited)",
					"@executable_path/Frameworks",
				);
				MARKETING_VERSION = 1.0;
				PRODUCT_BUNDLE_IDENTIFIER = dev.lari.CourseList;
				PRODUCT_NAME = "$(TARGET_NAME)";
				SWIFT_EMIT_LOC_STRINGS = YES;
				SWIFT_VERSION = 5.0;
				TARGETED_DEVICE_FAMILY = "1,2";
			};
			name = Debug;
		};
		EC1D00F32BA69FF400DAEB70 /* Release */ = {
			isa = XCBuildConfiguration;
			buildSettings = {
				ASSETCATALOG_COMPILER_APPICON_NAME = AppIcon;
				ASSETCATALOG_COMPILER_GLOBAL_ACCENT_COLOR_NAME = AccentColor;
				CODE_SIGN_STYLE = Automatic;
				CURRENT_PROJECT_VERSION = 1;
				DEVELOPMENT_ASSET_PATHS = "\"CourseList/Preview Content\"";
				ENABLE_PREVIEWS = YES;
				GENERATE_INFOPLIST_FILE = YES;
				INFOPLIST_KEY_UIApplicationSceneManifest_Generation = YES;
				INFOPLIST_KEY_UIApplicationSupportsIndirectInputEvents = YES;
				INFOPLIST_KEY_UILaunchScreen_Generation = YES;
				INFOPLIST_KEY_UISupportedInterfaceOrientations_iPad = "UIInterfaceOrientationPortrait UIInterfaceOrientationPortraitUpsideDown UIInterfaceOrientationLandscapeLeft UIInterfaceOrientationLandscapeRight";
				INFOPLIST_KEY_UISupportedInterfaceOrientations_iPhone = "UIInterfaceOrientationPortrait UIInterfaceOrientationLandscapeLeft UIInterfaceOrientationLandscapeRight";
				LD_RUNPATH_SEARCH_PATHS = (
					"$(inherited)",
					"@executable_path/Frameworks",
				);
				MARKETING_VERSION = 1.0;
				PRODUCT_BUNDLE_IDENTIFIER = dev.lari.CourseList;
				PRODUCT_NAME = "$(TARGET_NAME)";
				SWIFT_EMIT_LOC_STRINGS = YES;
				SWIFT_VERSION = 5.0;
				TARGETED_DEVICE_FAMILY = "1,2";
			};
			name = Release;
		};
		EC1D00F52BA69FF400DAEB70 /* Debug */ = {
			isa = XCBuildConfiguration;
			buildSettings = {
				ALWAYS_EMBED_SWIFT_STANDARD_LIBRARIES = YES;
				BUNDLE_LOADER = "$(TEST_HOST)";
				CODE_SIGN_STYLE = Automatic;
				CURRENT_PROJECT_VERSION = 1;
				GENERATE_INFOPLIST_FILE = YES;
				IPHONEOS_DEPLOYMENT_TARGET = 17.4;
				MARKETING_VERSION = 1.0;
				PRODUCT_BUNDLE_IDENTIFIER = dev.lari.CourseListTests;
				PRODUCT_NAME = "$(TARGET_NAME)";
				SWIFT_EMIT_LOC_STRINGS = NO;
				SWIFT_VERSION = 5.0;
				TARGETED_DEVICE_FAMILY = "1,2";
				TEST_HOST = "$(BUILT_PRODUCTS_DIR)/CourseList.app/$(BUNDLE_EXECUTABLE_FOLDER_PATH)/CourseList";
			};
			name = Debug;
		};
		EC1D00F62BA69FF400DAEB70 /* Release */ = {
			isa = XCBuildConfiguration;
			buildSettings = {
				ALWAYS_EMBED_SWIFT_STANDARD_LIBRARIES = YES;
				BUNDLE_LOADER = "$(TEST_HOST)";
				CODE_SIGN_STYLE = Automatic;
				CURRENT_PROJECT_VERSION = 1;
				GENERATE_INFOPLIST_FILE = YES;
				IPHONEOS_DEPLOYMENT_TARGET = 17.4;
				MARKETING_VERSION = 1.0;
				PRODUCT_BUNDLE_IDENTIFIER = dev.lari.CourseListTests;
				PRODUCT_NAME = "$(TARGET_NAME)";
				SWIFT_EMIT_LOC_STRINGS = NO;
				SWIFT_VERSION = 5.0;
				TARGETED_DEVICE_FAMILY = "1,2";
				TEST_HOST = "$(BUILT_PRODUCTS_DIR)/CourseList.app/$(BUNDLE_EXECUTABLE_FOLDER_PATH)/CourseList";
			};
			name = Release;
		};
		EC1D00F82BA69FF400DAEB70 /* Debug */ = {
			isa = XCBuildConfiguration;
			buildSettings = {
				ALWAYS_EMBED_SWIFT_STANDARD_LIBRARIES = YES;
				CODE_SIGN_STYLE = Automatic;
				CURRENT_PROJECT_VERSION = 1;
				GENERATE_INFOPLIST_FILE = YES;
				MARKETING_VERSION = 1.0;
				PRODUCT_BUNDLE_IDENTIFIER = dev.lari.CourseListUITests;
				PRODUCT_NAME = "$(TARGET_NAME)";
				SWIFT_EMIT_LOC_STRINGS = NO;
				SWIFT_VERSION = 5.0;
				TARGETED_DEVICE_FAMILY = "1,2";
				TEST_TARGET_NAME = CourseList;
			};
			name = Debug;
		};
		EC1D00F92BA69FF400DAEB70 /* Release */ = {
			isa = XCBuildConfiguration;
			buildSettings = {
				ALWAYS_EMBED_SWIFT_STANDARD_LIBRARIES = YES;
				CODE_SIGN_STYLE = Automatic;
				CURRENT_PROJECT_VERSION = 1;
				GENERATE_INFOPLIST_FILE = YES;
				MARKETING_VERSION = 1.0;
				PRODUCT_BUNDLE_IDENTIFIER = dev.lari.CourseListUITests;
				PRODUCT_NAME = "$(TARGET_NAME)";
				SWIFT_EMIT_LOC_STRINGS = NO;
				SWIFT_VERSION = 5.0;
				TARGETED_DEVICE_FAMILY = "1,2";
				TEST_TARGET_NAME = CourseList;
			};
			name = Release;
		};
/* End XCBuildConfiguration section */

/* Begin XCConfigurationList section */
		EC1D00C82BA69FF300DAEB70 /* Build configuration list for PBXProject "CourseList" */ = {
			isa = XCConfigurationList;
			buildConfigurations = (
				EC1D00EF2BA69FF400DAEB70 /* Debug */,
				EC1D00F02BA69FF400DAEB70 /* Release */,
			);
			defaultConfigurationIsVisible = 0;
			defaultConfigurationName = Release;
		};
		EC1D00F12BA69FF400DAEB70 /* Build configuration list for PBXNativeTarget "CourseList" */ = {
			isa = XCConfigurationList;
			buildConfigurations = (
				EC1D00F22BA69FF400DAEB70 /* Debug */,
				EC1D00F32BA69FF400DAEB70 /* Release */,
			);
			defaultConfigurationIsVisible = 0;
			defaultConfigurationName = Release;
		};
		EC1D00F42BA69FF400DAEB70 /* Build configuration list for PBXNativeTarget "CourseListTests" */ = {
			isa = XCConfigurationList;
			buildConfigurations = (
				EC1D00F52BA69FF400DAEB70 /* Debug */,
				EC1D00F62BA69FF400DAEB70 /* Release */,
			);
			defaultConfigurationIsVisible = 0;
			defaultConfigurationName = Release;
		};
		EC1D00F72BA69FF400DAEB70 /* Build configuration list for PBXNativeTarget "CourseListUITests" */ = {
			isa = XCConfigurationList;
			buildConfigurations = (
				EC1D00F82BA69FF400DAEB70 /* Debug */,
				EC1D00F92BA69FF400DAEB70 /* Release */,
			);
			defaultConfigurationIsVisible = 0;
			defaultConfigurationName = Release;
		};
/* End XCConfigurationList section */
	};
	rootObject = EC1D00C52BA69FF300DAEB70 /* Project object */;
}
